dependencies:
- name: redis
  repository: https://kubernetes-charts.storage.googleapis.com/
  version: 5.0.0
- name: postgresql
  repository: https://kubernetes-charts.storage.googleapis.com/
  version: 7.7.2
digest: sha256:247a4b822853fa7fc5e6b053627b2e4b5f7b7cc1bd1ad46f59a5f4b4068a2621
generated: "2019-12-02T14:30:29.761406435+01:00"
